
Microsoft Visual Studio Solution File, Format Version 12.00
# Visual Studio Version 16
VisualStudioVersion = 16.0.32126.315
MinimumVisualStudioVersion = 10.0.40219.1
Project("{FAE04EC0-301F-11D3-BF4B-00C04F79EFBC}") = "Presentation Layer", "Presentation Layer\Presentation Layer.csproj", "{0F59DBA3-03B8-412D-B3A9-685F4200C49A}"
EndProject
Project("{FAE04EC0-301F-11D3-BF4B-00C04F79EFBC}") = "Logic Layer", "Logic Layer\Logic Layer.csproj", "{780D22D3-5B25-4507-9E93-70D2142DEF47}"
EndProject
Project("{FAE04EC0-301F-11D3-BF4B-00C04F79EFBC}") = "Data Access Layer", "Data Access Layer\Data Access Layer.csproj", "{B976439A-B99D-4667-9896-A06F82C747AB}"
EndProject
Global
	GlobalSection(SolutionConfigurationPlatforms) = preSolution
		Debug|Any CPU = Debug|Any CPU
		Release|Any CPU = Release|Any CPU
	EndGlobalSection
	GlobalSection(ProjectConfigurationPlatforms) = postSolution
		{0F59DBA3-03B8-412D-B3A9-685F4200C49A}.Debug|Any CPU.ActiveCfg = Debug|Any CPU
		{0F59DBA3-03B8-412D-B3A9-685F4200C49A}.Debug|Any CPU.Build.0 = Debug|Any CPU
		{0F59DBA3-03B8-412D-B3A9-685F4200C49A}.Release|Any CPU.ActiveCfg = Release|Any CPU
		{0F59DBA3-03B8-412D-B3A9-685F4200C49A}.Release|Any CPU.Build.0 = Release|Any CPU
		{780D22D3-5B25-4507-9E93-70D2142DEF47}.Debug|Any CPU.ActiveCfg = Debug|Any CPU
		{780D22D3-5B25-4507-9E93-70D2142DEF47}.Debug|Any CPU.Build.0 = Debug|Any CPU
		{780D22D3-5B25-4507-9E93-70D2142DEF47}.Release|Any CPU.ActiveCfg = Release|Any CPU
		{780D22D3-5B25-4507-9E93-70D2142DEF47}.Release|Any CPU.Build.0 = Release|Any CPU
		{B976439A-B99D-4667-9896-A06F82C747AB}.Debug|Any CPU.ActiveCfg = Debug|Any CPU
		{B976439A-B99D-4667-9896-A06F82C747AB}.Debug|Any CPU.Build.0 = Debug|Any CPU
		{B976439A-B99D-4667-9896-A06F82C747AB}.Release|Any CPU.ActiveCfg = Release|Any CPU
		{B976439A-B99D-4667-9896-A06F82C747AB}.Release|Any CPU.Build.0 = Release|Any CPU
	EndGlobalSection
	GlobalSection(SolutionProperties) = preSolution
		HideSolutionNode = FALSE
	EndGlobalSection
	GlobalSection(ExtensibilityGlobals) = postSolution
		SolutionGuid = {48CD1E1E-DC86-41B5-84EC-D6BFC27E86C3}
	EndGlobalSection
EndGlobal
